<?xml version="1.0" encoding="utf-8"?>
<Project ToolsVersion="4.0" xmlns="http://schemas.microsoft.com/developer/msbuild/2003">
  <ItemGroup>
    <Filter Include="Source Files">
      <UniqueIdentifier>{4FC737F1-C7A5-4376-A066-2A32D752A2FF}</UniqueIdentifier>
      <Extensions>cpp;c;cc;cxx;def;odl;idl;hpj;bat;asm;asmx</Extensions>
    </Filter>
    <Filter Include="Header Files">
      <UniqueIdentifier>{93995380-89BD-4b04-88EB-625FBE52EBFB}</UniqueIdentifier>
      <Extensions>h;hpp;hxx;hm;inl;inc;xsd</Extensions>
    </Filter>
    <Filter Include="Private Header Files">
      <UniqueIdentifier>{30BE1376-9973-4187-AB57-4D71AEE32FB2}</UniqueIdentifier>
      <Extensions>h;hpp;hxx;hm;inl;inc;xsd</Extensions>
    </Filter>
    <Filter Include="Resource Files">
      <UniqueIdentifier>{67DA6AB6-F800-4c08-8B7A-83BB121AAD01}</UniqueIdentifier>
      <Extensions>rc;ico;cur;bmp;dlg;rc2;rct;bin;rgs;gif;jpg;jpeg;jpe;resx;tiff;tif;png;wav;mfcribbon-ms</Extensions>
    </Filter>
    <Filter Include="Driver Files">
      <UniqueIdentifier>{8E41214B-6785-4CFE-B992-037D68949A14}</UniqueIdentifier>
      <Extensions>inf;inv;inx;mof;mc;</Extensions>
    </Filter>
  </ItemGroup>
  <ItemGroup>
    <Inf Include="lxmonika.inf">
      <Filter>Driver Files</Filter>
    </Inf>
  </ItemGroup>
  <ItemGroup>
    <ClCompile Include="src\driver.cpp">
      <Filter>Source Files</Filter>
    </ClCompile>
    <ClCompile Include="src\module.cpp">
      <Filter>Source Files</Filter>
    </ClCompile>
    <ClCompile Include="src\monika_context.cpp">
      <Filter>Source Files</Filter>
    </ClCompile>
    <ClCompile Include="src\monika_dispatcher.cpp">
      <Filter>Source Files</Filter>
    </ClCompile>
    <ClCompile Include="src\monika_lxss.cpp">
      <Filter>Source Files</Filter>
    </ClCompile>
    <ClCompile Include="src\monika_providers.cpp">
      <Filter>Source Files</Filter>
    </ClCompile>
    <ClCompile Include="src\monika_reality.cpp">
      <Filter>Source Files</Filter>
    </ClCompile>
    <ClCompile Include="src\monika.cpp">
      <Filter>Source Files</Filter>
    </ClCompile>
    <ClCompile Include="src\picooffsets.cpp">
      <Filter>Source Files</Filter>
    </ClCompile>
    <ClCompile Include="src\picosupport.cpp">
      <Filter>Source Files</Filter>
    </ClCompile>
    <ClCompile Include="src\Logger.cpp">
      <Filter>Source Files</Filter>
    </ClCompile>
    <ClCompile Include="src\PoolAllocator.cpp">
      <Filter>Source Files</Filter>
    </ClCompile>
  </ItemGroup>
  <ItemGroup>
    <ClInclude Include="include_private\driver.h">
      <Filter>Private Header Files</Filter>
    </ClInclude>
    <ClInclude Include="include_private\lxerrno.h">
      <Filter>Private Header Files</Filter>
    </ClInclude>
    <ClInclude Include="include_private\lxss.h">
      <Filter>Private Header Files</Filter>
    </ClInclude>
    <ClInclude Include="include_private\module.h">
      <Filter>Private Header Files</Filter>
    </ClInclude>
    <ClInclude Include="include_private\monika_private.h">
      <Filter>Private Header Files</Filter>
    </ClInclude>
    <ClInclude Include="include_private\os.h">
      <Filter>Private Header Files</Filter>
    </ClInclude>
    <ClInclude Include="include_private\pe.h">
      <Filter>Private Header Files</Filter>
    </ClInclude>
    <ClInclude Include="include_private\picooffsets.h">
      <Filter>Private Header Files</Filter>
    </ClInclude>
    <ClInclude Include="include_private\picosupport.h">
      <Filter>Private Header Files</Filter>
    </ClInclude>
    <ClInclude Include="include_private\winresource.h">
      <Filter>Private Header Files</Filter>
    </ClInclude>
    <ClInclude Include="include_private\AutoResource.h">
      <Filter>Private Header Files</Filter>
    </ClInclude>
    <ClInclude Include="include_private\Locker.h">
      <Filter>Private Header Files</Filter>
    </ClInclude>
    <ClInclude Include="include_private\Logger.h">
      <Filter>Private Header Files</Filter>
    </ClInclude>
    <ClInclude Include="include_private\PoolAllocator.h">
      <Filter>Private Header Files</Filter>
    </ClInclude>
  </ItemGroup>
  <ItemGroup>
    <ClInclude Include="include\monika.h">
      <Filter>Header Files</Filter>
    </ClInclude>
    <ClInclude Include="include\monika_constants.h">
      <Filter>Header Files</Filter>
    </ClInclude>
    <ClInclude Include="include\pico.h">
      <Filter>Header Files</Filter>
    </ClInclude>
  </ItemGroup>
  <ItemGroup>
    <None Include="README.md" />
  </ItemGroup>
</Project>
