+
Microsoft Visual Studio Solution File, Format Version 12.00
# Visual Studio Version 17
VisualStudioVersion = 17.8.34316.72
MinimumVisualStudioVersion = 10.0.40219.1
Project("{8BC9CEB8-8B4A-11D0-8D11-00A0C91BC942}") = "lxmonika", "lxmonika\lxmonika.vcxproj", "{99FD011E-8895-4733-B996-29DFDEB68719}"
EndProject
Project("{8BC9CEB8-8B4A-11D0-8D11-00A0C91BC942}") = "lxstub", "lxstub\lxstub.vcxproj", "{A9B19953-3310-44AF-A751-26F4B2FDDFFE}"
EndProject
Project("{8BC9CEB8-8B4A-11D0-8D11-00A0C91BC942}") = "monika", "monika\monika.vcxproj", "{1C76F670-9B85-4408-8640-07CC74711E0D}"
EndProject
Project("{2150E333-8FDC-42A3-9474-1A3956D46DE8}") = "Solution Items", "Solution Items", "{7B930D76-A30F-4720-86EA-B27B2907547F}"
	ProjectSection(SolutionItems) = preProject
		.gitignore = .gitignore
		lxmonika.props = lxmonika.props
		lxmonika.targets = lxmonika.targets
		LICENSE.md = LICENSE.md
		README.md = README.md
	EndProjectSection
EndProject
Project("{2150E333-8FDC-42A3-9474-1A3956D46DE8}") = "mxss", "mxss", "{B139DCB9-794C-4A74-9A09-B7471C46B33B}"
EndProject
Project("{8BC9CEB8-8B4A-11D0-8D11-00A0C91BC942}") = "mxhost", "mxss\mxhost\mxhost.vcxproj", "{E0C31EA1-DB35-438A-B840-EFD8C43E4409}"
EndProject
Project("{8BC9CEB8-8B4A-11D0-8D11-00A0C91BC942}") = "mxss", "mxss\mxss\mxss.vcxproj", "{B1375D62-16A8-4E97-8E34-A3DCCCE0CA6B}"
EndProject
Global
	GlobalSection(SolutionConfigurationPlatforms) = preSolution
		Debug|ARM = Debug|ARM
		Debug|ARM64 = Debug|ARM64
		Debug|x64 = Debug|x64
		Debug|x86 = Debug|x86
		Release|ARM = Release|ARM
		Release|ARM64 = Release|ARM64
		Release|x64 = Release|x64
		Release|x86 = Release|x86
	EndGlobalSection
	GlobalSection(ProjectConfigurationPlatforms) = postSolution
		{99FD011E-8895-4733-B996-29DFDEB68719}.Debug|ARM.ActiveCfg = Debug|ARM
		{99FD011E-8895-4733-B996-29DFDEB68719}.Debug|ARM.Build.0 = Debug|ARM
		{99FD011E-8895-4733-B996-29DFDEB68719}.Debug|ARM.Deploy.0 = Debug|ARM
		{99FD011E-8895-4733-B996-29DFDEB68719}.Debug|ARM64.ActiveCfg = Debug|ARM64
		{99FD011E-8895-4733-B996-29DFDEB68719}.Debug|ARM64.Build.0 = Debug|ARM64
		{99FD011E-8895-4733-B996-29DFDEB68719}.Debug|ARM64.Deploy.0 = Debug|ARM64
		{99FD011E-8895-4733-B996-29DFDEB68719}.Debug|x64.ActiveCfg = Debug|x64
		{99FD011E-8895-4733-B996-29DFDEB68719}.Debug|x64.Build.0 = Debug|x64
		{99FD011E-8895-4733-B996-29DFDEB68719}.Debug|x64.Deploy.0 = Debug|x64
		{99FD011E-8895-4733-B996-29DFDEB68719}.Debug|x86.ActiveCfg = Debug|Win32
		{99FD011E-8895-4733-B996-29DFDEB68719}.Debug|x86.Build.0 = Debug|Win32
		{99FD011E-8895-4733-B996-29DFDEB68719}.Debug|x86.Deploy.0 = Debug|Win32
		{99FD011E-8895-4733-B996-29DFDEB68719}.Release|ARM.ActiveCfg = Release|ARM
		{99FD011E-8895-4733-B996-29DFDEB68719}.Release|ARM.Build.0 = Release|ARM
		{99FD011E-8895-4733-B996-29DFDEB68719}.Release|ARM.Deploy.0 = Release|ARM
		{99FD011E-8895-4733-B996-29DFDEB68719}.Release|ARM64.ActiveCfg = Release|ARM64
		{99FD011E-8895-4733-B996-29DFDEB68719}.Release|ARM64.Build.0 = Release|ARM64
		{99FD011E-8895-4733-B996-29DFDEB68719}.Release|ARM64.Deploy.0 = Release|ARM64
		{99FD011E-8895-4733-B996-29DFDEB68719}.Release|x64.ActiveCfg = Release|x64
		{99FD011E-8895-4733-B996-29DFDEB68719}.Release|x64.Build.0 = Release|x64
		{99FD011E-8895-4733-B996-29DFDEB68719}.Release|x64.Deploy.0 = Release|x64
		{99FD011E-8895-4733-B996-29DFDEB68719}.Release|x86.ActiveCfg = Release|Win32
		{99FD011E-8895-4733-B996-29DFDEB68719}.Release|x86.Build.0 = Release|Win32
		{99FD011E-8895-4733-B996-29DFDEB68719}.Release|x86.Deploy.0 = Release|Win32
		{A9B19953-3310-44AF-A751-26F4B2FDDFFE}.Debug|ARM.ActiveCfg = Debug|ARM
		{A9B19953-3310-44AF-A751-26F4B2FDDFFE}.Debug|ARM.Build.0 = Debug|ARM
		{A9B19953-3310-44AF-A751-26F4B2FDDFFE}.Debug|ARM.Deploy.0 = Debug|ARM
		{A9B19953-3310-44AF-A751-26F4B2FDDFFE}.Debug|ARM64.ActiveCfg = Debug|ARM64
		{A9B19953-3310-44AF-A751-26F4B2FDDFFE}.Debug|ARM64.Build.0 = Debug|ARM64
		{A9B19953-3310-44AF-A751-26F4B2FDDFFE}.Debug|ARM64.Deploy.0 = Debug|ARM64
		{A9B19953-3310-44AF-A751-26F4B2FDDFFE}.Debug|x64.ActiveCfg = Debug|x64
		{A9B19953-3310-44AF-A751-26F4B2FDDFFE}.Debug|x64.Build.0 = Debug|x64
		{A9B19953-3310-44AF-A751-26F4B2FDDFFE}.Debug|x64.Deploy.0 = Debug|x64
		{A9B19953-3310-44AF-A751-26F4B2FDDFFE}.Debug|x86.ActiveCfg = Debug|Win32
		{A9B19953-3310-44AF-A751-26F4B2FDDFFE}.Debug|x86.Build.0 = Debug|Win32
		{A9B19953-3310-44AF-A751-26F4B2FDDFFE}.Debug|x86.Deploy.0 = Debug|Win32
		{A9B19953-3310-44AF-A751-26F4B2FDDFFE}.Release|ARM.ActiveCfg = Release|ARM
		{A9B19953-3310-44AF-A751-26F4B2FDDFFE}.Release|ARM.Build.0 = Release|ARM
		{A9B19953-3310-44AF-A751-26F4B2FDDFFE}.Release|ARM.Deploy.0 = Release|ARM
		{A9B19953-3310-44AF-A751-26F4B2FDDFFE}.Release|ARM64.ActiveCfg = Release|ARM64
		{A9B19953-3310-44AF-A751-26F4B2FDDFFE}.Release|ARM64.Build.0 = Release|ARM64
		{A9B19953-3310-44AF-A751-26F4B2FDDFFE}.Release|ARM64.Deploy.0 = Release|ARM64
		{A9B19953-3310-44AF-A751-26F4B2FDDFFE}.Release|x64.ActiveCfg = Release|x64
		{A9B19953-3310-44AF-A751-26F4B2FDDFFE}.Release|x64.Build.0 = Release|x64
		{A9B19953-3310-44AF-A751-26F4B2FDDFFE}.Release|x64.Deploy.0 = Release|x64
		{A9B19953-3310-44AF-A751-26F4B2FDDFFE}.Release|x86.ActiveCfg = Release|Win32
		{A9B19953-3310-44AF-A751-26F4B2FDDFFE}.Release|x86.Build.0 = Release|Win32
		{A9B19953-3310-44AF-A751-26F4B2FDDFFE}.Release|x86.Deploy.0 = Release|Win32
		{1C76F670-9B85-4408-8640-07CC74711E0D}.Debug|ARM.ActiveCfg = Debug|ARM
		{1C76F670-9B85-4408-8640-07CC74711E0D}.Debug|ARM.Build.0 = Debug|ARM
		{1C76F670-9B85-4408-8640-07CC74711E0D}.Debug|ARM64.ActiveCfg = Debug|ARM64
		{1C76F670-9B85-4408-8640-07CC74711E0D}.Debug|ARM64.Build.0 = Debug|ARM64
		{1C76F670-9B85-4408-8640-07CC74711E0D}.Debug|x64.ActiveCfg = Debug|x64
		{1C76F670-9B85-4408-8640-07CC74711E0D}.Debug|x64.Build.0 = Debug|x64
		{1C76F670-9B85-4408-8640-07CC74711E0D}.Debug|x86.ActiveCfg = Debug|Win32
		{1C76F670-9B85-4408-8640-07CC74711E0D}.Debug|x86.Build.0 = Debug|Win32
		{1C76F670-9B85-4408-8640-07CC74711E0D}.Release|ARM.ActiveCfg = Release|ARM
		{1C76F670-9B85-4408-8640-07CC74711E0D}.Release|ARM.Build.0 = Release|ARM
		{1C76F670-9B85-4408-8640-07CC74711E0D}.Release|ARM64.ActiveCfg = Release|ARM64
		{1C76F670-9B85-4408-8640-07CC74711E0D}.Release|ARM64.Build.0 = Release|ARM64
		{1C76F670-9B85-4408-8640-07CC74711E0D}.Release|x64.ActiveCfg = Release|x64
		{1C76F670-9B85-4408-8640-07CC74711E0D}.Release|x64.Build.0 = Release|x64
		{1C76F670-9B85-4408-8640-07CC74711E0D}.Release|x86.ActiveCfg = Release|Win32
		{1C76F670-9B85-4408-8640-07CC74711E0D}.Release|x86.Build.0 = Release|Win32
		{B1375D62-16A8-4E97-8E34-A3DCCCE0CA6B}.Debug|ARM.ActiveCfg = Debug|ARM64
		{B1375D62-16A8-4E97-8E34-A3DCCCE0CA6B}.Debug|ARM64.ActiveCfg = Debug|ARM64
		{B1375D62-16A8-4E97-8E34-A3DCCCE0CA6B}.Debug|ARM64.Build.0 = Debug|ARM64
		{B1375D62-16A8-4E97-8E34-A3DCCCE0CA6B}.Debug|ARM64.Deploy.0 = Debug|ARM64
		{B1375D62-16A8-4E97-8E34-A3DCCCE0CA6B}.Debug|x64.ActiveCfg = Debug|x64
		{B1375D62-16A8-4E97-8E34-A3DCCCE0CA6B}.Debug|x64.Build.0 = Debug|x64
		{B1375D62-16A8-4E97-8E34-A3DCCCE0CA6B}.Debug|x64.Deploy.0 = Debug|x64
		{B1375D62-16A8-4E97-8E34-A3DCCCE0CA6B}.Debug|x86.ActiveCfg = Debug|x64
		{B1375D62-16A8-4E97-8E34-A3DCCCE0CA6B}.Release|ARM.ActiveCfg = Release|x64
		{B1375D62-16A8-4E97-8E34-A3DCCCE0CA6B}.Release|ARM64.ActiveCfg = Release|ARM64
		{B1375D62-16A8-4E97-8E34-A3DCCCE0CA6B}.Release|ARM64.Build.0 = Release|ARM64
		{B1375D62-16A8-4E97-8E34-A3DCCCE0CA6B}.Release|ARM64.Deploy.0 = Release|ARM64
		{B1375D62-16A8-4E97-8E34-A3DCCCE0CA6B}.Release|x64.ActiveCfg = Release|x64
		{B1375D62-16A8-4E97-8E34-A3DCCCE0CA6B}.Release|x64.Build.0 = Release|x64
		{B1375D62-16A8-4E97-8E34-A3DCCCE0CA6B}.Release|x64.Deploy.0 = Release|x64
		{B1375D62-16A8-4E97-8E34-A3DCCCE0CA6B}.Release|x86.ActiveCfg = Release|x64
		{E0C31EA1-DB35-438A-B840-EFD8C43E4409}.Debug|ARM.ActiveCfg = Debug|ARM64
		{E0C31EA1-DB35-438A-B840-EFD8C43E4409}.Debug|ARM64.ActiveCfg = Debug|ARM64
		{E0C31EA1-DB35-438A-B840-EFD8C43E4409}.Debug|ARM64.Build.0 = Debug|ARM64
		{E0C31EA1-DB35-438A-B840-EFD8C43E4409}.Debug|x64.ActiveCfg = Debug|x64
		{E0C31EA1-DB35-438A-B840-EFD8C43E4409}.Debug|x64.Build.0 = Debug|x64
		{E0C31EA1-DB35-438A-B840-EFD8C43E4409}.Debug|x86.ActiveCfg = Debug|Win32
		{E0C31EA1-DB35-438A-B840-EFD8C43E4409}.Release|ARM.ActiveCfg = Release|ARM64
		{E0C31EA1-DB35-438A-B840-EFD8C43E4409}.Release|ARM64.ActiveCfg = Release|ARM64
		{E0C31EA1-DB35-438A-B840-EFD8C43E4409}.Release|ARM64.Build.0 = Release|ARM64
		{E0C31EA1-DB35-438A-B840-EFD8C43E4409}.Release|x64.ActiveCfg = Release|x64
		{E0C31EA1-DB35-438A-B840-EFD8C43E4409}.Release|x64.Build.0 = Release|x64
		{E0C31EA1-DB35-438A-B840-EFD8C43E4409}.Release|x86.ActiveCfg = Release|Win32
	EndGlobalSection
	GlobalSection(SolutionProperties) = preSolution
		HideSolutionNode = FALSE
	EndGlobalSection
	GlobalSection(NestedProjects) = preSolution
		{B1375D62-16A8-4E97-8E34-A3DCCCE0CA6B} = {B139DCB9-794C-4A74-9A09-B7471C46B33B}
		{E0C31EA1-DB35-438A-B840-EFD8C43E4409} = {B139DCB9-794C-4A74-9A09-B7471C46B33B}
	EndGlobalSection
	GlobalSection(ExtensibilityGlobals) = postSolution
		SolutionGuid = {25816D2B-3E94-49BE-9B4E-A30F74B0C753}
	EndGlobalSection
EndGlobal
